
Microsoft Visual Studio Solution File, Format Version 12.00
# Visual Studio Version 16
VisualStudioVersion = 25.0.1706.14
MinimumVisualStudioVersion = 10.0.40219.1
Project("{FAE04EC0-301F-11D3-BF4B-00C04F79EFBC}") = "Kt12_1", "Kt12_1\Kt12_1.csproj", "{254BB431-FED3-41D6-A8E8-59BC3D669C54}"
EndProject
Global
	GlobalSection(SolutionConfigurationPlatforms) = preSolution
		Debug|Any CPU = Debug|Any CPU
		Release|Any CPU = Release|Any CPU
	EndGlobalSection
	GlobalSection(ProjectConfigurationPlatforms) = postSolution
		{254BB431-FED3-41D6-A8E8-59BC3D669C54}.Debug|Any CPU.ActiveCfg = Debug|Any CPU
		{254BB431-FED3-41D6-A8E8-59BC3D669C54}.Debug|Any CPU.Build.0 = Debug|Any CPU
		{254BB431-FED3-41D6-A8E8-59BC3D669C54}.Release|Any CPU.ActiveCfg = Release|Any CPU
		{254BB431-FED3-41D6-A8E8-59BC3D669C54}.Release|Any CPU.Build.0 = Release|Any CPU
	EndGlobalSection
	GlobalSection(SolutionProperties) = preSolution
		HideSolutionNode = FALSE
	EndGlobalSection
	GlobalSection(ExtensibilityGlobals) = postSolution
		SolutionGuid = {D6685581-2F50-4E29-A802-B7147CDB0996}
	EndGlobalSection
EndGlobal
